
Microsoft Visual Studio Solution File, Format Version 12.00
# Visual Studio Version 16
VisualStudioVersion = 16.0.31911.196
MinimumVisualStudioVersion = 10.0.40219.1
Project("{FAE04EC0-301F-11D3-BF4B-00C04F79EFBC}") = "MovieRentals", "MovieRentals\MovieRentals.csproj", "{5DD0D5E1-6DCB-4FAE-BCDF-5A33C3F4CB90}"
EndProject
Global
	GlobalSection(SolutionConfigurationPlatforms) = preSolution
		Debug|Any CPU = Debug|Any CPU
		Release|Any CPU = Release|Any CPU
	EndGlobalSection
	GlobalSection(ProjectConfigurationPlatforms) = postSolution
		{5DD0D5E1-6DCB-4FAE-BCDF-5A33C3F4CB90}.Debug|Any CPU.ActiveCfg = Debug|Any CPU
		{5DD0D5E1-6DCB-4FAE-BCDF-5A33C3F4CB90}.Debug|Any CPU.Build.0 = Debug|Any CPU
		{5DD0D5E1-6DCB-4FAE-BCDF-5A33C3F4CB90}.Release|Any CPU.ActiveCfg = Release|Any CPU
		{5DD0D5E1-6DCB-4FAE-BCDF-5A33C3F4CB90}.Release|Any CPU.Build.0 = Release|Any CPU
	EndGlobalSection
	GlobalSection(SolutionProperties) = preSolution
		HideSolutionNode = FALSE
	EndGlobalSection
	GlobalSection(ExtensibilityGlobals) = postSolution
		SolutionGuid = {E325FA92-3556-4493-BFA4-4104650F1C72}
	EndGlobalSection
EndGlobal
